
Microsoft Visual Studio Solution File, Format Version 12.00
# Visual Studio Version 17
VisualStudioVersion = 17.2.32630.192
MinimumVisualStudioVersion = 10.0.40219.1
Project("{FAE04EC0-301F-11D3-BF4B-00C04F79EFBC}") = "Taskkkk", "Taskkkk\Taskkkk.csproj", "{195F6FA9-196D-4274-8D47-4236FF45AAA1}"
EndProject
Global
	GlobalSection(SolutionConfigurationPlatforms) = preSolution
		Debug|Any CPU = Debug|Any CPU
		Release|Any CPU = Release|Any CPU
	EndGlobalSection
	GlobalSection(ProjectConfigurationPlatforms) = postSolution
		{195F6FA9-196D-4274-8D47-4236FF45AAA1}.Debug|Any CPU.ActiveCfg = Debug|Any CPU
		{195F6FA9-196D-4274-8D47-4236FF45AAA1}.Debug|Any CPU.Build.0 = Debug|Any CPU
		{195F6FA9-196D-4274-8D47-4236FF45AAA1}.Release|Any CPU.ActiveCfg = Release|Any CPU
		{195F6FA9-196D-4274-8D47-4236FF45AAA1}.Release|Any CPU.Build.0 = Release|Any CPU
	EndGlobalSection
	GlobalSection(SolutionProperties) = preSolution
		HideSolutionNode = FALSE
	EndGlobalSection
	GlobalSection(ExtensibilityGlobals) = postSolution
		SolutionGuid = {7B28ABCF-37E6-4BAB-8D8F-EE77110CDBE6}
	EndGlobalSection
EndGlobal
